// !$*UTF8*$!
{
	archiveVersion = 1;
	classes = {
	};
	objectVersion = 48;
	objects = {

/* Begin PBXBuildFile section */
		1C1D11D6203058D10092F0D3 /* FavMealsViewController.swift in Sources */ = {isa = PBXBuildFile; fileRef = 1C1D11D5203058D10092F0D3 /* FavMealsViewController.swift */; };
		1C1D11D820305A960092F0D3 /* BrowseScreenViewController.swift in Sources */ = {isa = PBXBuildFile; fileRef = 1C1D11D720305A960092F0D3 /* BrowseScreenViewController.swift */; };
		1C1D11DC20308D670092F0D3 /* MealViewCell.swift in Sources */ = {isa = PBXBuildFile; fileRef = 1C1D11DA20308D670092F0D3 /* MealViewCell.swift */; };
		1C1D11DD20308D670092F0D3 /* MealViewCell.xib in Resources */ = {isa = PBXBuildFile; fileRef = 1C1D11DB20308D670092F0D3 /* MealViewCell.xib */; };
		1C925B232040178A0054B21E /* Endpoint.swift in Sources */ = {isa = PBXBuildFile; fileRef = 1C925B222040178A0054B21E /* Endpoint.swift */; };
		1C925B292042EC720054B21E /* CoreDataManager.swift in Sources */ = {isa = PBXBuildFile; fileRef = 1C925B282042EC720054B21E /* CoreDataManager.swift */; };
		1C925B4D20432F7D0054B21E /* CookBook.xcdatamodeld in Sources */ = {isa = PBXBuildFile; fileRef = 1C925B4B20432F7D0054B21E /* CookBook.xcdatamodeld */; };
		1C925B5020433C600054B21E /* MealMO+CoreDataClass.swift in Sources */ = {isa = PBXBuildFile; fileRef = 1C925B4E20433C600054B21E /* MealMO+CoreDataClass.swift */; };
		1C925B5120433C600054B21E /* MealMO+CoreDataProperties.swift in Sources */ = {isa = PBXBuildFile; fileRef = 1C925B4F20433C600054B21E /* MealMO+CoreDataProperties.swift */; };
		1C9C3FE3201FA53F00B48451 /* AppDelegate.swift in Sources */ = {isa = PBXBuildFile; fileRef = 1C9C3FE2201FA53F00B48451 /* AppDelegate.swift */; };
		1C9C3FE8201FA53F00B48451 /* Main.storyboard in Resources */ = {isa = PBXBuildFile; fileRef = 1C9C3FE6201FA53F00B48451 /* Main.storyboard */; };
		1C9C3FEA201FA53F00B48451 /* Assets.xcassets in Resources */ = {isa = PBXBuildFile; fileRef = 1C9C3FE9201FA53F00B48451 /* Assets.xcassets */; };
		1C9C3FED201FA53F00B48451 /* LaunchScreen.storyboard in Resources */ = {isa = PBXBuildFile; fileRef = 1C9C3FEB201FA53F00B48451 /* LaunchScreen.storyboard */; };
		1C9C3FF92021069400B48451 /* DataManager.swift in Sources */ = {isa = PBXBuildFile; fileRef = 1C9C3FF82021069400B48451 /* DataManager.swift */; };
		1C9C3FFB2021070100B48451 /* Meal.swift in Sources */ = {isa = PBXBuildFile; fileRef = 1C9C3FFA2021070100B48451 /* Meal.swift */; };
		1C9C400420210F2E00B48451 /* Notification+Extension.swift in Sources */ = {isa = PBXBuildFile; fileRef = 1C9C400320210F2E00B48451 /* Notification+Extension.swift */; };
		1C9C400A2023BAC100B48451 /* MealDetailsViewController.swift in Sources */ = {isa = PBXBuildFile; fileRef = 1C9C40092023BAC100B48451 /* MealDetailsViewController.swift */; };
		783FE08C7CE6546F2A2CA184 /* Pods_CookBook.framework in Frameworks */ = {isa = PBXBuildFile; fileRef = 88E35A9A2967EE3FDC50EB89 /* Pods_CookBook.framework */; };
/* End PBXBuildFile section */

/* Begin PBXFileReference section */
		1C1D11D5203058D10092F0D3 /* FavMealsViewController.swift */ = {isa = PBXFileReference; lastKnownFileType = sourcecode.swift; path = FavMealsViewController.swift; sourceTree = "<group>"; };
		1C1D11D720305A960092F0D3 /* BrowseScreenViewController.swift */ = {isa = PBXFileReference; lastKnownFileType = sourcecode.swift; path = BrowseScreenViewController.swift; sourceTree = "<group>"; };
		1C1D11DA20308D670092F0D3 /* MealViewCell.swift */ = {isa = PBXFileReference; lastKnownFileType = sourcecode.swift; path = MealViewCell.swift; sourceTree = "<group>"; };
		1C1D11DB20308D670092F0D3 /* MealViewCell.xib */ = {isa = PBXFileReference; lastKnownFileType = file.xib; path = MealViewCell.xib; sourceTree = "<group>"; };
		1C925B222040178A0054B21E /* Endpoint.swift */ = {isa = PBXFileReference; lastKnownFileType = sourcecode.swift; path = Endpoint.swift; sourceTree = "<group>"; };
		1C925B282042EC720054B21E /* CoreDataManager.swift */ = {isa = PBXFileReference; lastKnownFileType = sourcecode.swift; path = CoreDataManager.swift; sourceTree = "<group>"; };
		1C925B4C20432F7D0054B21E /* CookBook.xcdatamodel */ = {isa = PBXFileReference; lastKnownFileType = wrapper.xcdatamodel; path = CookBook.xcdatamodel; sourceTree = "<group>"; };
		1C925B4E20433C600054B21E /* MealMO+CoreDataClass.swift */ = {isa = PBXFileReference; lastKnownFileType = sourcecode.swift; path = "MealMO+CoreDataClass.swift"; sourceTree = "<group>"; };
		1C925B4F20433C600054B21E /* MealMO+CoreDataProperties.swift */ = {isa = PBXFileReference; lastKnownFileType = sourcecode.swift; path = "MealMO+CoreDataProperties.swift"; sourceTree = "<group>"; };
		1C9C3FDF201FA53F00B48451 /* CookBook.app */ = {isa = PBXFileReference; explicitFileType = wrapper.application; includeInIndex = 0; path = CookBook.app; sourceTree = BUILT_PRODUCTS_DIR; };
		1C9C3FE2201FA53F00B48451 /* AppDelegate.swift */ = {isa = PBXFileReference; lastKnownFileType = sourcecode.swift; path = AppDelegate.swift; sourceTree = "<group>"; };
		1C9C3FE7201FA53F00B48451 /* Base */ = {isa = PBXFileReference; lastKnownFileType = file.storyboard; name = Base; path = Base.lproj/Main.storyboard; sourceTree = "<group>"; };
		1C9C3FE9201FA53F00B48451 /* Assets.xcassets */ = {isa = PBXFileReference; lastKnownFileType = folder.assetcatalog; path = Assets.xcassets; sourceTree = "<group>"; };
		1C9C3FEC201FA53F00B48451 /* Base */ = {isa = PBXFileReference; lastKnownFileType = file.storyboard; name = Base; path = Base.lproj/LaunchScreen.storyboard; sourceTree = "<group>"; };
		1C9C3FEE201FA53F00B48451 /* Info.plist */ = {isa = PBXFileReference; lastKnownFileType = text.plist.xml; path = Info.plist; sourceTree = "<group>"; };
		1C9C3FF82021069400B48451 /* DataManager.swift */ = {isa = PBXFileReference; lastKnownFileType = sourcecode.swift; path = DataManager.swift; sourceTree = "<group>"; };
		1C9C3FFA2021070100B48451 /* Meal.swift */ = {isa = PBXFileReference; lastKnownFileType = sourcecode.swift; path = Meal.swift; sourceTree = "<group>"; };
		1C9C400320210F2E00B48451 /* Notification+Extension.swift */ = {isa = PBXFileReference; lastKnownFileType = sourcecode.swift; path = "Notification+Extension.swift"; sourceTree = "<group>"; };
		1C9C40092023BAC100B48451 /* MealDetailsViewController.swift */ = {isa = PBXFileReference; lastKnownFileType = sourcecode.swift; path = MealDetailsViewController.swift; sourceTree = "<group>"; };
		88E35A9A2967EE3FDC50EB89 /* Pods_CookBook.framework */ = {isa = PBXFileReference; explicitFileType = wrapper.framework; includeInIndex = 0; path = Pods_CookBook.framework; sourceTree = BUILT_PRODUCTS_DIR; };
		BE1E81F69EAAEA5D62B8C939 /* Pods-CookBook.debug.xcconfig */ = {isa = PBXFileReference; includeInIndex = 1; lastKnownFileType = text.xcconfig; name = "Pods-CookBook.debug.xcconfig"; path = "Pods/Target Support Files/Pods-CookBook/Pods-CookBook.debug.xcconfig"; sourceTree = "<group>"; };
		DEC138A5107BFC906F2B13B1 /* Pods-CookBook.release.xcconfig */ = {isa = PBXFileReference; includeInIndex = 1; lastKnownFileType = text.xcconfig; name = "Pods-CookBook.release.xcconfig"; path = "Pods/Target Support Files/Pods-CookBook/Pods-CookBook.release.xcconfig"; sourceTree = "<group>"; };
/* End PBXFileReference section */

/* Begin PBXFrameworksBuildPhase section */
		1C9C3FDC201FA53F00B48451 /* Frameworks */ = {
			isa = PBXFrameworksBuildPhase;
			buildActionMask = 2147483647;
			files = (
				783FE08C7CE6546F2A2CA184 /* Pods_CookBook.framework in Frameworks */,
			);
			runOnlyForDeploymentPostprocessing = 0;
		};
/* End PBXFrameworksBuildPhase section */

/* Begin PBXGroup section */
		1C1D11D920308D3B0092F0D3 /* MealViewCell */ = {
			isa = PBXGroup;
			children = (
				1C1D11DA20308D670092F0D3 /* MealViewCell.swift */,
				1C1D11DB20308D670092F0D3 /* MealViewCell.xib */,
			);
			path = MealViewCell;
			sourceTree = "<group>";
		};
		1C925B242042EC200054B21E /* CoreData */ = {
			isa = PBXGroup;
			children = (
				1C925B282042EC720054B21E /* CoreDataManager.swift */,
				1C925B4E20433C600054B21E /* MealMO+CoreDataClass.swift */,
				1C925B4F20433C600054B21E /* MealMO+CoreDataProperties.swift */,
				1C925B4B20432F7D0054B21E /* CookBook.xcdatamodeld */,
			);
			path = CoreData;
			sourceTree = "<group>";
		};
		1C9C3FD6201FA53F00B48451 = {
			isa = PBXGroup;
			children = (
				1C9C3FE1201FA53F00B48451 /* CookBook */,
				1C9C3FE0201FA53F00B48451 /* Products */,
				C4F0D54E70537C8272134E3E /* Pods */,
				C8EC325D6AB9BB34A95DDF8A /* Frameworks */,
			);
			sourceTree = "<group>";
		};
		1C9C3FE0201FA53F00B48451 /* Products */ = {
			isa = PBXGroup;
			children = (
				1C9C3FDF201FA53F00B48451 /* CookBook.app */,
			);
			name = Products;
			sourceTree = "<group>";
		};
		1C9C3FE1201FA53F00B48451 /* CookBook */ = {
			isa = PBXGroup;
			children = (
				1C9C400220210F1E00B48451 /* Extensions */,
				1C9C3FFD2021079D00B48451 /* Utils */,
				1C9C3FF7202105F700B48451 /* Model */,
				1C9C3FF6202105F000B48451 /* View */,
				1C9C3FF5202105E200B48451 /* Controllers */,
				1C9C3FE2201FA53F00B48451 /* AppDelegate.swift */,
				1C9C3FE6201FA53F00B48451 /* Main.storyboard */,
				1C9C3FE9201FA53F00B48451 /* Assets.xcassets */,
				1C9C3FEB201FA53F00B48451 /* LaunchScreen.storyboard */,
				1C9C3FEE201FA53F00B48451 /* Info.plist */,
			);
			path = CookBook;
			sourceTree = "<group>";
		};
		1C9C3FF5202105E200B48451 /* Controllers */ = {
			isa = PBXGroup;
			children = (
				1C9C40092023BAC100B48451 /* MealDetailsViewController.swift */,
				1C1D11D5203058D10092F0D3 /* FavMealsViewController.swift */,
				1C1D11D720305A960092F0D3 /* BrowseScreenViewController.swift */,
			);
			path = Controllers;
			sourceTree = "<group>";
		};
		1C9C3FF6202105F000B48451 /* View */ = {
			isa = PBXGroup;
			children = (
				1C1D11D920308D3B0092F0D3 /* MealViewCell */,
			);
			path = View;
			sourceTree = "<group>";
		};
		1C9C3FF7202105F700B48451 /* Model */ = {
			isa = PBXGroup;
			children = (
				1C9C3FF82021069400B48451 /* DataManager.swift */,
				1C9C3FFA2021070100B48451 /* Meal.swift */,
				1C925B242042EC200054B21E /* CoreData */,
			);
			path = Model;
			sourceTree = "<group>";
		};
		1C9C3FFD2021079D00B48451 /* Utils */ = {
			isa = PBXGroup;
			children = (
				1C925B222040178A0054B21E /* Endpoint.swift */,
			);
			path = Utils;
			sourceTree = "<group>";
		};
		1C9C400220210F1E00B48451 /* Extensions */ = {
			isa = PBXGroup;
			children = (
				1C9C400320210F2E00B48451 /* Notification+Extension.swift */,
			);
			path = Extensions;
			sourceTree = "<group>";
		};
		C4F0D54E70537C8272134E3E /* Pods */ = {
			isa = PBXGroup;
			children = (
				BE1E81F69EAAEA5D62B8C939 /* Pods-CookBook.debug.xcconfig */,
				DEC138A5107BFC906F2B13B1 /* Pods-CookBook.release.xcconfig */,
			);
			name = Pods;
			sourceTree = "<group>";
		};
		C8EC325D6AB9BB34A95DDF8A /* Frameworks */ = {
			isa = PBXGroup;
			children = (
				88E35A9A2967EE3FDC50EB89 /* Pods_CookBook.framework */,
			);
			name = Frameworks;
			sourceTree = "<group>";
		};
/* End PBXGroup section */

/* Begin PBXNativeTarget section */
		1C9C3FDE201FA53F00B48451 /* CookBook */ = {
			isa = PBXNativeTarget;
			buildConfigurationList = 1C9C3FF1201FA53F00B48451 /* Build configuration list for PBXNativeTarget "CookBook" */;
			buildPhases = (
				9F44E1417B81DD925C9B33FA /* [CP] Check Pods Manifest.lock */,
				1C9C3FDB201FA53F00B48451 /* Sources */,
				1C9C3FDC201FA53F00B48451 /* Frameworks */,
				1C9C3FDD201FA53F00B48451 /* Resources */,
				7C7B0C379353CC0827744351 /* [CP] Embed Pods Frameworks */,
				47F5069480797594BEC769C1 /* [CP] Copy Pods Resources */,
				1C9C3FF4201FA64800B48451 /* ShellScript */,
			);
			buildRules = (
			);
			dependencies = (
			);
			name = CookBook;
			productName = CookBook;
			productReference = 1C9C3FDF201FA53F00B48451 /* CookBook.app */;
			productType = "com.apple.product-type.application";
		};
/* End PBXNativeTarget section */

/* Begin PBXProject section */
		1C9C3FD7201FA53F00B48451 /* Project object */ = {
			isa = PBXProject;
			attributes = {
				LastSwiftUpdateCheck = 0920;
				LastUpgradeCheck = 0920;
				ORGANIZATIONNAME = "Vadim Shoshin";
				TargetAttributes = {
					1C9C3FDE201FA53F00B48451 = {
						CreatedOnToolsVersion = 9.2;
						ProvisioningStyle = Automatic;
					};
				};
			};
			buildConfigurationList = 1C9C3FDA201FA53F00B48451 /* Build configuration list for PBXProject "CookBook" */;
			compatibilityVersion = "Xcode 8.0";
			developmentRegion = en;
			hasScannedForEncodings = 0;
			knownRegions = (
				en,
				Base,
			);
			mainGroup = 1C9C3FD6201FA53F00B48451;
			productRefGroup = 1C9C3FE0201FA53F00B48451 /* Products */;
			projectDirPath = "";
			projectRoot = "";
			targets = (
				1C9C3FDE201FA53F00B48451 /* CookBook */,
			);
		};
/* End PBXProject section */

/* Begin PBXResourcesBuildPhase section */
		1C9C3FDD201FA53F00B48451 /* Resources */ = {
			isa = PBXResourcesBuildPhase;
			buildActionMask = 2147483647;
			files = (
				1C9C3FED201FA53F00B48451 /* LaunchScreen.storyboard in Resources */,
				1C9C3FEA201FA53F00B48451 /* Assets.xcassets in Resources */,
				1C9C3FE8201FA53F00B48451 /* Main.storyboard in Resources */,
				1C1D11DD20308D670092F0D3 /* MealViewCell.xib in Resources */,
			);
			runOnlyForDeploymentPostprocessing = 0;
		};
/* End PBXResourcesBuildPhase section */

/* Begin PBXShellScriptBuildPhase section */
		1C9C3FF4201FA64800B48451 /* ShellScript */ = {
			isa = PBXShellScriptBuildPhase;
			buildActionMask = 2147483647;
			files = (
			);
			inputPaths = (
			);
			outputPaths = (
			);
			runOnlyForDeploymentPostprocessing = 0;
			shellPath = /bin/sh;
			shellScript = "\"${PODS_ROOT}/SwiftLint/swiftlint\"";
		};
		47F5069480797594BEC769C1 /* [CP] Copy Pods Resources */ = {
			isa = PBXShellScriptBuildPhase;
			buildActionMask = 2147483647;
			files = (
			);
			inputPaths = (
			);
			name = "[CP] Copy Pods Resources";
			outputPaths = (
			);
			runOnlyForDeploymentPostprocessing = 0;
			shellPath = /bin/sh;
			shellScript = "\"${SRCROOT}/Pods/Target Support Files/Pods-CookBook/Pods-CookBook-resources.sh\"\n";
			showEnvVarsInLog = 0;
		};
		7C7B0C379353CC0827744351 /* [CP] Embed Pods Frameworks */ = {
			isa = PBXShellScriptBuildPhase;
			buildActionMask = 2147483647;
			files = (
			);
			inputPaths = (
				"${SRCROOT}/Pods/Target Support Files/Pods-CookBook/Pods-CookBook-frameworks.sh",
				"${BUILT_PRODUCTS_DIR}/Alamofire/Alamofire.framework",
				"${BUILT_PRODUCTS_DIR}/AlamofireImage/AlamofireImage.framework",
				"${BUILT_PRODUCTS_DIR}/PKHUD/PKHUD.framework",
				"${BUILT_PRODUCTS_DIR}/SwiftyJSON/SwiftyJSON.framework",
			);
			name = "[CP] Embed Pods Frameworks";
			outputPaths = (
				"${TARGET_BUILD_DIR}/${FRAMEWORKS_FOLDER_PATH}/Alamofire.framework",
				"${TARGET_BUILD_DIR}/${FRAMEWORKS_FOLDER_PATH}/AlamofireImage.framework",
				"${TARGET_BUILD_DIR}/${FRAMEWORKS_FOLDER_PATH}/PKHUD.framework",
				"${TARGET_BUILD_DIR}/${FRAMEWORKS_FOLDER_PATH}/SwiftyJSON.framework",
			);
			runOnlyForDeploymentPostprocessing = 0;
			shellPath = /bin/sh;
			shellScript = "\"${SRCROOT}/Pods/Target Support Files/Pods-CookBook/Pods-CookBook-frameworks.sh\"\n";
			showEnvVarsInLog = 0;
		};
		9F44E1417B81DD925C9B33FA /* [CP] Check Pods Manifest.lock */ = {
			isa = PBXShellScriptBuildPhase;
			buildActionMask = 2147483647;
			files = (
			);
			inputPaths = (
				"${PODS_PODFILE_DIR_PATH}/Podfile.lock",
				"${PODS_ROOT}/Manifest.lock",
			);
			name = "[CP] Check Pods Manifest.lock";
			outputPaths = (
				"$(DERIVED_FILE_DIR)/Pods-CookBook-checkManifestLockResult.txt",
			);
			runOnlyForDeploymentPostprocessing = 0;
			shellPath = /bin/sh;
			shellScript = "diff \"${PODS_PODFILE_DIR_PATH}/Podfile.lock\" \"${PODS_ROOT}/Manifest.lock\" > /dev/null\nif [ $? != 0 ] ; then\n    # print error to STDERR\n    echo \"error: The sandbox is not in sync with the Podfile.lock. Run 'pod install' or update your CocoaPods installation.\" >&2\n    exit 1\nfi\n# This output is used by Xcode 'outputs' to avoid re-running this script phase.\necho \"SUCCESS\" > \"${SCRIPT_OUTPUT_FILE_0}\"\n";
			showEnvVarsInLog = 0;
		};
/* End PBXShellScriptBuildPhase section */

/* Begin PBXSourcesBuildPhase section */
		1C9C3FDB201FA53F00B48451 /* Sources */ = {
			isa = PBXSourcesBuildPhase;
			buildActionMask = 2147483647;
			files = (
				1C925B5020433C600054B21E /* MealMO+CoreDataClass.swift in Sources */,
				1C925B5120433C600054B21E /* MealMO+CoreDataProperties.swift in Sources */,
				1C9C3FE3201FA53F00B48451 /* AppDelegate.swift in Sources */,
				1C1D11D820305A960092F0D3 /* BrowseScreenViewController.swift in Sources */,
				1C1D11D6203058D10092F0D3 /* FavMealsViewController.swift in Sources */,
				1C9C400420210F2E00B48451 /* Notification+Extension.swift in Sources */,
				1C925B232040178A0054B21E /* Endpoint.swift in Sources */,
				1C925B4D20432F7D0054B21E /* CookBook.xcdatamodeld in Sources */,
				1C9C3FFB2021070100B48451 /* Meal.swift in Sources */,
				1C9C3FF92021069400B48451 /* DataManager.swift in Sources */,
				1C9C400A2023BAC100B48451 /* MealDetailsViewController.swift in Sources */,
				1C1D11DC20308D670092F0D3 /* MealViewCell.swift in Sources */,
				1C925B292042EC720054B21E /* CoreDataManager.swift in Sources */,
			);
			runOnlyForDeploymentPostprocessing = 0;
		};
/* End PBXSourcesBuildPhase section */

/* Begin PBXVariantGroup section */
		1C9C3FE6201FA53F00B48451 /* Main.storyboard */ = {
			isa = PBXVariantGroup;
			children = (
				1C9C3FE7201FA53F00B48451 /* Base */,
			);
			name = Main.storyboard;
			sourceTree = "<group>";
		};
		1C9C3FEB201FA53F00B48451 /* LaunchScreen.storyboard */ = {
			isa = PBXVariantGroup;
			children = (
				1C9C3FEC201FA53F00B48451 /* Base */,
			);
			name = LaunchScreen.storyboard;
			sourceTree = "<group>";
		};
/* End PBXVariantGroup section */

/* Begin XCBuildConfiguration section */
		1C9C3FEF201FA53F00B48451 /* Debug */ = {
			isa = XCBuildConfiguration;
			buildSettings = {
				ALWAYS_SEARCH_USER_PATHS = NO;
				CLANG_ANALYZER_NONNULL = YES;
				CLANG_ANALYZER_NUMBER_OBJECT_CONVERSION = YES_AGGRESSIVE;
				CLANG_CXX_LANGUAGE_STANDARD = "gnu++14";
				CLANG_CXX_LIBRARY = "libc++";
				CLANG_ENABLE_MODULES = YES;
				CLANG_ENABLE_OBJC_ARC = YES;
				CLANG_WARN_BLOCK_CAPTURE_AUTORELEASING = YES;
				CLANG_WARN_BOOL_CONVERSION = YES;
				CLANG_WARN_COMMA = YES;
				CLANG_WARN_CONSTANT_CONVERSION = YES;
				CLANG_WARN_DIRECT_OBJC_ISA_USAGE = YES_ERROR;
				CLANG_WARN_DOCUMENTATION_COMMENTS = YES;
				CLANG_WARN_EMPTY_BODY = YES;
				CLANG_WARN_ENUM_CONVERSION = YES;
				CLANG_WARN_INFINITE_RECURSION = YES;
				CLANG_WARN_INT_CONVERSION = YES;
				CLANG_WARN_NON_LITERAL_NULL_CONVERSION = YES;
				CLANG_WARN_OBJC_LITERAL_CONVERSION = YES;
				CLANG_WARN_OBJC_ROOT_CLASS = YES_ERROR;
				CLANG_WARN_RANGE_LOOP_ANALYSIS = YES;
				CLANG_WARN_STRICT_PROTOTYPES = YES;
				CLANG_WARN_SUSPICIOUS_MOVE = YES;
				CLANG_WARN_UNGUARDED_AVAILABILITY = YES_AGGRESSIVE;
				CLANG_WARN_UNREACHABLE_CODE = YES;
				CLANG_WARN__DUPLICATE_METHOD_MATCH = YES;
				CODE_SIGN_IDENTITY = "iPhone Developer";
				COPY_PHASE_STRIP = NO;
				DEBUG_INFORMATION_FORMAT = dwarf;
				ENABLE_STRICT_OBJC_MSGSEND = YES;
				ENABLE_TESTABILITY = YES;
				GCC_C_LANGUAGE_STANDARD = gnu11;
				GCC_DYNAMIC_NO_PIC = NO;
				GCC_NO_COMMON_BLOCKS = YES;
				GCC_OPTIMIZATION_LEVEL = 0;
				GCC_PREPROCESSOR_DEFINITIONS = (
					"DEBUG=1",
					"$(inherited)",
				);
				GCC_WARN_64_TO_32_BIT_CONVERSION = YES;
				GCC_WARN_ABOUT_RETURN_TYPE = YES_ERROR;
				GCC_WARN_UNDECLARED_SELECTOR = YES;
				GCC_WARN_UNINITIALIZED_AUTOS = YES_AGGRESSIVE;
				GCC_WARN_UNUSED_FUNCTION = YES;
				GCC_WARN_UNUSED_VARIABLE = YES;
				IPHONEOS_DEPLOYMENT_TARGET = 11.2;
				MTL_ENABLE_DEBUG_INFO = YES;
				ONLY_ACTIVE_ARCH = YES;
				SDKROOT = iphoneos;
				SWIFT_ACTIVE_COMPILATION_CONDITIONS = DEBUG;
				SWIFT_OPTIMIZATION_LEVEL = "-Onone";
			};
			name = Debug;
		};
		1C9C3FF0201FA53F00B48451 /* Release */ = {
			isa = XCBuildConfiguration;
			buildSettings = {
				ALWAYS_SEARCH_USER_PATHS = NO;
				CLANG_ANALYZER_NONNULL = YES;
				CLANG_ANALYZER_NUMBER_OBJECT_CONVERSION = YES_AGGRESSIVE;
				CLANG_CXX_LANGUAGE_STANDARD = "gnu++14";
				CLANG_CXX_LIBRARY = "libc++";
				CLANG_ENABLE_MODULES = YES;
				CLANG_ENABLE_OBJC_ARC = YES;
				CLANG_WARN_BLOCK_CAPTURE_AUTORELEASING = YES;
				CLANG_WARN_BOOL_CONVERSION = YES;
				CLANG_WARN_COMMA = YES;
				CLANG_WARN_CONSTANT_CONVERSION = YES;
				CLANG_WARN_DIRECT_OBJC_ISA_USAGE = YES_ERROR;
				CLANG_WARN_DOCUMENTATION_COMMENTS = YES;
				CLANG_WARN_EMPTY_BODY = YES;
				CLANG_WARN_ENUM_CONVERSION = YES;
				CLANG_WARN_INFINITE_RECURSION = YES;
				CLANG_WARN_INT_CONVERSION = YES;
				CLANG_WARN_NON_LITERAL_NULL_CONVERSION = YES;
				CLANG_WARN_OBJC_LITERAL_CONVERSION = YES;
				CLANG_WARN_OBJC_ROOT_CLASS = YES_ERROR;
				CLANG_WARN_RANGE_LOOP_ANALYSIS = YES;
				CLANG_WARN_STRICT_PROTOTYPES = YES;
				CLANG_WARN_SUSPICIOUS_MOVE = YES;
				CLANG_WARN_UNGUARDED_AVAILABILITY = YES_AGGRESSIVE;
				CLANG_WARN_UNREACHABLE_CODE = YES;
				CLANG_WARN__DUPLICATE_METHOD_MATCH = YES;
				CODE_SIGN_IDENTITY = "iPhone Developer";
				COPY_PHASE_STRIP = NO;
				DEBUG_INFORMATION_FORMAT = "dwarf-with-dsym";
				ENABLE_NS_ASSERTIONS = NO;
				ENABLE_STRICT_OBJC_MSGSEND = YES;
				GCC_C_LANGUAGE_STANDARD = gnu11;
				GCC_NO_COMMON_BLOCKS = YES;
				GCC_WARN_64_TO_32_BIT_CONVERSION = YES;
				GCC_WARN_ABOUT_RETURN_TYPE = YES_ERROR;
				GCC_WARN_UNDECLARED_SELECTOR = YES;
				GCC_WARN_UNINITIALIZED_AUTOS = YES_AGGRESSIVE;
				GCC_WARN_UNUSED_FUNCTION = YES;
				GCC_WARN_UNUSED_VARIABLE = YES;
				IPHONEOS_DEPLOYMENT_TARGET = 11.2;
				MTL_ENABLE_DEBUG_INFO = NO;
				SDKROOT = iphoneos;
				SWIFT_OPTIMIZATION_LEVEL = "-Owholemodule";
				VALIDATE_PRODUCT = YES;
			};
			name = Release;
		};
		1C9C3FF2201FA53F00B48451 /* Debug */ = {
			isa = XCBuildConfiguration;
			baseConfigurationReference = BE1E81F69EAAEA5D62B8C939 /* Pods-CookBook.debug.xcconfig */;
			buildSettings = {
				ASSETCATALOG_COMPILER_APPICON_NAME = AppIcon;
				CODE_SIGN_STYLE = Automatic;
				DEVELOPMENT_TEAM = 4VG8M9JHQ6;
				INFOPLIST_FILE = CookBook/Info.plist;
				LD_RUNPATH_SEARCH_PATHS = "$(inherited) @executable_path/Frameworks";
				PRODUCT_BUNDLE_IDENTIFIER = "Vadim-Shoshin.CookBook";
				PRODUCT_NAME = "$(TARGET_NAME)";
				SWIFT_VERSION = 4.0;
				TARGETED_DEVICE_FAMILY = "1,2";
			};
			name = Debug;
		};
		1C9C3FF3201FA53F00B48451 /* Release */ = {
			isa = XCBuildConfiguration;
			baseConfigurationReference = DEC138A5107BFC906F2B13B1 /* Pods-CookBook.release.xcconfig */;
			buildSettings = {
				ASSETCATALOG_COMPILER_APPICON_NAME = AppIcon;
				CODE_SIGN_STYLE = Automatic;
				DEVELOPMENT_TEAM = 4VG8M9JHQ6;
				INFOPLIST_FILE = CookBook/Info.plist;
				LD_RUNPATH_SEARCH_PATHS = "$(inherited) @executable_path/Frameworks";
				PRODUCT_BUNDLE_IDENTIFIER = "Vadim-Shoshin.CookBook";
				PRODUCT_NAME = "$(TARGET_NAME)";
				SWIFT_VERSION = 4.0;
				TARGETED_DEVICE_FAMILY = "1,2";
			};
			name = Release;
		};
/* End XCBuildConfiguration section */

/* Begin XCConfigurationList section */
		1C9C3FDA201FA53F00B48451 /* Build configuration list for PBXProject "CookBook" */ = {
			isa = XCConfigurationList;
			buildConfigurations = (
				1C9C3FEF201FA53F00B48451 /* Debug */,
				1C9C3FF0201FA53F00B48451 /* Release */,
			);
			defaultConfigurationIsVisible = 0;
			defaultConfigurationName = Release;
		};
		1C9C3FF1201FA53F00B48451 /* Build configuration list for PBXNativeTarget "CookBook" */ = {
			isa = XCConfigurationList;
			buildConfigurations = (
				1C9C3FF2201FA53F00B48451 /* Debug */,
				1C9C3FF3201FA53F00B48451 /* Release */,
			);
			defaultConfigurationIsVisible = 0;
			defaultConfigurationName = Release;
		};
/* End XCConfigurationList section */

/* Begin XCVersionGroup section */
		1C925B4B20432F7D0054B21E /* CookBook.xcdatamodeld */ = {
			isa = XCVersionGroup;
			children = (
				1C925B4C20432F7D0054B21E /* CookBook.xcdatamodel */,
			);
			currentVersion = 1C925B4C20432F7D0054B21E /* CookBook.xcdatamodel */;
			path = CookBook.xcdatamodeld;
			sourceTree = "<group>";
			versionGroupType = wrapper.xcdatamodel;
		};
/* End XCVersionGroup section */
	};
	rootObject = 1C9C3FD7201FA53F00B48451 /* Project object */;
}
